// !$*UTF8*$!
{
	archiveVersion = 1;
	classes = {
	};
	objectVersion = 46;
	objects = {

/* Begin PBXBuildFile section */
		3C7482641C8ED7AE00E6F249 /* main.m in Sources */ = {isa = PBXBuildFile; fileRef = 3C7482631C8ED7AE00E6F249 /* main.m */; };
		3C7482671C8ED7AE00E6F249 /* AppDelegate.m in Sources */ = {isa = PBXBuildFile; fileRef = 3C7482661C8ED7AE00E6F249 /* AppDelegate.m */; };
		3C74826A1C8ED7AE00E6F249 /* ViewController.m in Sources */ = {isa = PBXBuildFile; fileRef = 3C7482691C8ED7AE00E6F249 /* ViewController.m */; };
		3C74826D1C8ED7AE00E6F249 /* Main.storyboard in Resources */ = {isa = PBXBuildFile; fileRef = 3C74826B1C8ED7AE00E6F249 /* Main.storyboard */; };
		3C74826F1C8ED7AE00E6F249 /* Assets.xcassets in Resources */ = {isa = PBXBuildFile; fileRef = 3C74826E1C8ED7AE00E6F249 /* Assets.xcassets */; };
		3C7482721C8ED7AE00E6F249 /* LaunchScreen.storyboard in Resources */ = {isa = PBXBuildFile; fileRef = 3C7482701C8ED7AE00E6F249 /* LaunchScreen.storyboard */; };
		3C74827D1C8ED7AE00E6F249 /* backTestTests.m in Sources */ = {isa = PBXBuildFile; fileRef = 3C74827C1C8ED7AE00E6F249 /* backTestTests.m */; };
		3C7482881C8ED7AE00E6F249 /* backTestUITests.m in Sources */ = {isa = PBXBuildFile; fileRef = 3C7482871C8ED7AE00E6F249 /* backTestUITests.m */; };
		3C7482971C8EDD0700E6F249 /* CustomViewController.m in Sources */ = {isa = PBXBuildFile; fileRef = 3C7482961C8EDD0700E6F249 /* CustomViewController.m */; };
/* End PBXBuildFile section */

/* Begin PBXContainerItemProxy section */
		3C7482791C8ED7AE00E6F249 /* PBXContainerItemProxy */ = {
			isa = PBXContainerItemProxy;
			containerPortal = 3C7482571C8ED7AE00E6F249 /* Project object */;
			proxyType = 1;
			remoteGlobalIDString = 3C74825E1C8ED7AE00E6F249;
			remoteInfo = backTest;
		};
		3C7482841C8ED7AE00E6F249 /* PBXContainerItemProxy */ = {
			isa = PBXContainerItemProxy;
			containerPortal = 3C7482571C8ED7AE00E6F249 /* Project object */;
			proxyType = 1;
			remoteGlobalIDString = 3C74825E1C8ED7AE00E6F249;
			remoteInfo = backTest;
		};
/* End PBXContainerItemProxy section */

/* Begin PBXFileReference section */
		3C74825F1C8ED7AE00E6F249 /* backTest.app */ = {isa = PBXFileReference; explicitFileType = wrapper.application; includeInIndex = 0; path = backTest.app; sourceTree = BUILT_PRODUCTS_DIR; };
		3C7482631C8ED7AE00E6F249 /* main.m */ = {isa = PBXFileReference; lastKnownFileType = sourcecode.c.objc; path = main.m; sourceTree = "<group>"; };
		3C7482651C8ED7AE00E6F249 /* AppDelegate.h */ = {isa = PBXFileReference; lastKnownFileType = sourcecode.c.h; path = AppDelegate.h; sourceTree = "<group>"; };
		3C7482661C8ED7AE00E6F249 /* AppDelegate.m */ = {isa = PBXFileReference; lastKnownFileType = sourcecode.c.objc; path = AppDelegate.m; sourceTree = "<group>"; };
		3C7482681C8ED7AE00E6F249 /* ViewController.h */ = {isa = PBXFileReference; lastKnownFileType = sourcecode.c.h; path = ViewController.h; sourceTree = "<group>"; };
		3C7482691C8ED7AE00E6F249 /* ViewController.m */ = {isa = PBXFileReference; lastKnownFileType = sourcecode.c.objc; path = ViewController.m; sourceTree = "<group>"; };
		3C74826C1C8ED7AE00E6F249 /* Base */ = {isa = PBXFileReference; lastKnownFileType = file.storyboard; name = Base; path = Base.lproj/Main.storyboard; sourceTree = "<group>"; };
		3C74826E1C8ED7AE00E6F249 /* Assets.xcassets */ = {isa = PBXFileReference; lastKnownFileType = folder.assetcatalog; path = Assets.xcassets; sourceTree = "<group>"; };
		3C7482711C8ED7AE00E6F249 /* Base */ = {isa = PBXFileReference; lastKnownFileType = file.storyboard; name = Base; path = Base.lproj/LaunchScreen.storyboard; sourceTree = "<group>"; };
		3C7482731C8ED7AE00E6F249 /* Info.plist */ = {isa = PBXFileReference; lastKnownFileType = text.plist.xml; path = Info.plist; sourceTree = "<group>"; };
		3C7482781C8ED7AE00E6F249 /* backTestTests.xctest */ = {isa = PBXFileReference; explicitFileType = wrapper.cfbundle; includeInIndex = 0; path = backTestTests.xctest; sourceTree = BUILT_PRODUCTS_DIR; };
		3C74827C1C8ED7AE00E6F249 /* backTestTests.m */ = {isa = PBXFileReference; lastKnownFileType = sourcecode.c.objc; path = backTestTests.m; sourceTree = "<group>"; };
		3C74827E1C8ED7AE00E6F249 /* Info.plist */ = {isa = PBXFileReference; lastKnownFileType = text.plist.xml; path = Info.plist; sourceTree = "<group>"; };
		3C7482831C8ED7AE00E6F249 /* backTestUITests.xctest */ = {isa = PBXFileReference; explicitFileType = wrapper.cfbundle; includeInIndex = 0; path = backTestUITests.xctest; sourceTree = BUILT_PRODUCTS_DIR; };
		3C7482871C8ED7AE00E6F249 /* backTestUITests.m */ = {isa = PBXFileReference; lastKnownFileType = sourcecode.c.objc; path = backTestUITests.m; sourceTree = "<group>"; };
		3C7482891C8ED7AE00E6F249 /* Info.plist */ = {isa = PBXFileReference; lastKnownFileType = text.plist.xml; path = Info.plist; sourceTree = "<group>"; };
		3C7482951C8EDD0700E6F249 /* CustomViewController.h */ = {isa = PBXFileReference; fileEncoding = 4; lastKnownFileType = sourcecode.c.h; path = CustomViewController.h; sourceTree = "<group>"; };
		3C7482961C8EDD0700E6F249 /* CustomViewController.m */ = {isa = PBXFileReference; fileEncoding = 4; lastKnownFileType = sourcecode.c.objc; path = CustomViewController.m; sourceTree = "<group>"; };
/* End PBXFileReference section */

/* Begin PBXFrameworksBuildPhase section */
		3C74825C1C8ED7AE00E6F249 /* Frameworks */ = {
			isa = PBXFrameworksBuildPhase;
			buildActionMask = 2147483647;
			files = (
			);
			runOnlyForDeploymentPostprocessing = 0;
		};
		3C7482751C8ED7AE00E6F249 /* Frameworks */ = {
			isa = PBXFrameworksBuildPhase;
			buildActionMask = 2147483647;
			files = (
			);
			runOnlyForDeploymentPostprocessing = 0;
		};
		3C7482801C8ED7AE00E6F249 /* Frameworks */ = {
			isa = PBXFrameworksBuildPhase;
			buildActionMask = 2147483647;
			files = (
			);
			runOnlyForDeploymentPostprocessing = 0;
		};
/* End PBXFrameworksBuildPhase section */

/* Begin PBXGroup section */
		3C7482561C8ED7AE00E6F249 = {
			isa = PBXGroup;
			children = (
				3C7482611C8ED7AE00E6F249 /* backTest */,
				3C74827B1C8ED7AE00E6F249 /* backTestTests */,
				3C7482861C8ED7AE00E6F249 /* backTestUITests */,
				3C7482601C8ED7AE00E6F249 /* Products */,
			);
			sourceTree = "<group>";
		};
		3C7482601C8ED7AE00E6F249 /* Products */ = {
			isa = PBXGroup;
			children = (
				3C74825F1C8ED7AE00E6F249 /* backTest.app */,
				3C7482781C8ED7AE00E6F249 /* backTestTests.xctest */,
				3C7482831C8ED7AE00E6F249 /* backTestUITests.xctest */,
			);
			name = Products;
			sourceTree = "<group>";
		};
		3C7482611C8ED7AE00E6F249 /* backTest */ = {
			isa = PBXGroup;
			children = (
				3C7482651C8ED7AE00E6F249 /* AppDelegate.h */,
				3C7482661C8ED7AE00E6F249 /* AppDelegate.m */,
				3C7482681C8ED7AE00E6F249 /* ViewController.h */,
				3C7482691C8ED7AE00E6F249 /* ViewController.m */,
				3C7482951C8EDD0700E6F249 /* CustomViewController.h */,
				3C7482961C8EDD0700E6F249 /* CustomViewController.m */,
				3C74826B1C8ED7AE00E6F249 /* Main.storyboard */,
				3C74826E1C8ED7AE00E6F249 /* Assets.xcassets */,
				3C7482701C8ED7AE00E6F249 /* LaunchScreen.storyboard */,
				3C7482731C8ED7AE00E6F249 /* Info.plist */,
				3C7482621C8ED7AE00E6F249 /* Supporting Files */,
			);
			path = backTest;
			sourceTree = "<group>";
		};
		3C7482621C8ED7AE00E6F249 /* Supporting Files */ = {
			isa = PBXGroup;
			children = (
				3C7482631C8ED7AE00E6F249 /* main.m */,
			);
			name = "Supporting Files";
			sourceTree = "<group>";
		};
		3C74827B1C8ED7AE00E6F249 /* backTestTests */ = {
			isa = PBXGroup;
			children = (
				3C74827C1C8ED7AE00E6F249 /* backTestTests.m */,
				3C74827E1C8ED7AE00E6F249 /* Info.plist */,
			);
			path = backTestTests;
			sourceTree = "<group>";
		};
		3C7482861C8ED7AE00E6F249 /* backTestUITests */ = {
			isa = PBXGroup;
			children = (
				3C7482871C8ED7AE00E6F249 /* backTestUITests.m */,
				3C7482891C8ED7AE00E6F249 /* Info.plist */,
			);
			path = backTestUITests;
			sourceTree = "<group>";
		};
/* End PBXGroup section */

/* Begin PBXNativeTarget section */
		3C74825E1C8ED7AE00E6F249 /* backTest */ = {
			isa = PBXNativeTarget;
			buildConfigurationList = 3C74828C1C8ED7AE00E6F249 /* Build configuration list for PBXNativeTarget "backTest" */;
			buildPhases = (
				3C74825B1C8ED7AE00E6F249 /* Sources */,
				3C74825C1C8ED7AE00E6F249 /* Frameworks */,
				3C74825D1C8ED7AE00E6F249 /* Resources */,
			);
			buildRules = (
			);
			dependencies = (
			);
			name = backTest;
			productName = backTest;
			productReference = 3C74825F1C8ED7AE00E6F249 /* backTest.app */;
			productType = "com.apple.product-type.application";
		};
		3C7482771C8ED7AE00E6F249 /* backTestTests */ = {
			isa = PBXNativeTarget;
			buildConfigurationList = 3C74828F1C8ED7AE00E6F249 /* Build configuration list for PBXNativeTarget "backTestTests" */;
			buildPhases = (
				3C7482741C8ED7AE00E6F249 /* Sources */,
				3C7482751C8ED7AE00E6F249 /* Frameworks */,
				3C7482761C8ED7AE00E6F249 /* Resources */,
			);
			buildRules = (
			);
			dependencies = (
				3C74827A1C8ED7AE00E6F249 /* PBXTargetDependency */,
			);
			name = backTestTests;
			productName = backTestTests;
			productReference = 3C7482781C8ED7AE00E6F249 /* backTestTests.xctest */;
			productType = "com.apple.product-type.bundle.unit-test";
		};
		3C7482821C8ED7AE00E6F249 /* backTestUITests */ = {
			isa = PBXNativeTarget;
			buildConfigurationList = 3C7482921C8ED7AE00E6F249 /* Build configuration list for PBXNativeTarget "backTestUITests" */;
			buildPhases = (
				3C74827F1C8ED7AE00E6F249 /* Sources */,
				3C7482801C8ED7AE00E6F249 /* Frameworks */,
				3C7482811C8ED7AE00E6F249 /* Resources */,
			);
			buildRules = (
			);
			dependencies = (
				3C7482851C8ED7AE00E6F249 /* PBXTargetDependency */,
			);
			name = backTestUITests;
			productName = backTestUITests;
			productReference = 3C7482831C8ED7AE00E6F249 /* backTestUITests.xctest */;
			productType = "com.apple.product-type.bundle.ui-testing";
		};
/* End PBXNativeTarget section */

/* Begin PBXProject section */
		3C7482571C8ED7AE00E6F249 /* Project object */ = {
			isa = PBXProject;
			attributes = {
				LastUpgradeCheck = 0720;
				ORGANIZATIONNAME = jxx;
				TargetAttributes = {
					3C74825E1C8ED7AE00E6F249 = {
						CreatedOnToolsVersion = 7.2.1;
						DevelopmentTeam = L42VFUBEW9;
					};
					3C7482771C8ED7AE00E6F249 = {
						CreatedOnToolsVersion = 7.2.1;
						DevelopmentTeam = L42VFUBEW9;
						TestTargetID = 3C74825E1C8ED7AE00E6F249;
					};
					3C7482821C8ED7AE00E6F249 = {
						CreatedOnToolsVersion = 7.2.1;
						DevelopmentTeam = L42VFUBEW9;
						TestTargetID = 3C74825E1C8ED7AE00E6F249;
					};
				};
			};
			buildConfigurationList = 3C74825A1C8ED7AE00E6F249 /* Build configuration list for PBXProject "backTest" */;
			compatibilityVersion = "Xcode 3.2";
			developmentRegion = English;
			hasScannedForEncodings = 0;
			knownRegions = (
				en,
				Base,
			);
			mainGroup = 3C7482561C8ED7AE00E6F249;
			productRefGroup = 3C7482601C8ED7AE00E6F249 /* Products */;
			projectDirPath = "";
			projectRoot = "";
			targets = (
				3C74825E1C8ED7AE00E6F249 /* backTest */,
				3C7482771C8ED7AE00E6F249 /* backTestTests */,
				3C7482821C8ED7AE00E6F249 /* backTestUITests */,
			);
		};
/* End PBXProject section */

/* Begin PBXResourcesBuildPhase section */
		3C74825D1C8ED7AE00E6F249 /* Resources */ = {
			isa = PBXResourcesBuildPhase;
			buildActionMask = 2147483647;
			files = (
				3C7482721C8ED7AE00E6F249 /* LaunchScreen.storyboard in Resources */,
				3C74826F1C8ED7AE00E6F249 /* Assets.xcassets in Resources */,
				3C74826D1C8ED7AE00E6F249 /* Main.storyboard in Resources */,
			);
			runOnlyForDeploymentPostprocessing = 0;
		};
		3C7482761C8ED7AE00E6F249 /* Resources */ = {
			isa = PBXResourcesBuildPhase;
			buildActionMask = 2147483647;
			files = (
			);
			runOnlyForDeploymentPostprocessing = 0;
		};
		3C7482811C8ED7AE00E6F249 /* Resources */ = {
			isa = PBXResourcesBuildPhase;
			buildActionMask = 2147483647;
			files = (
			);
			runOnlyForDeploymentPostprocessing = 0;
		};
/* End PBXResourcesBuildPhase section */

/* Begin PBXSourcesBuildPhase section */
		3C74825B1C8ED7AE00E6F249 /* Sources */ = {
			isa = PBXSourcesBuildPhase;
			buildActionMask = 2147483647;
			files = (
				3C74826A1C8ED7AE00E6F249 /* ViewController.m in Sources */,
				3C7482671C8ED7AE00E6F249 /* AppDelegate.m in Sources */,
				3C7482641C8ED7AE00E6F249 /* main.m in Sources */,
				3C7482971C8EDD0700E6F249 /* CustomViewController.m in Sources */,
			);
			runOnlyForDeploymentPostprocessing = 0;
		};
		3C7482741C8ED7AE00E6F249 /* Sources */ = {
			isa = PBXSourcesBuildPhase;
			buildActionMask = 2147483647;
			files = (
				3C74827D1C8ED7AE00E6F249 /* backTestTests.m in Sources */,
			);
			runOnlyForDeploymentPostprocessing = 0;
		};
		3C74827F1C8ED7AE00E6F249 /* Sources */ = {
			isa = PBXSourcesBuildPhase;
			buildActionMask = 2147483647;
			files = (
				3C7482881C8ED7AE00E6F249 /* backTestUITests.m in Sources */,
			);
			runOnlyForDeploymentPostprocessing = 0;
		};
/* End PBXSourcesBuildPhase section */

/* Begin PBXTargetDependency section */
		3C74827A1C8ED7AE00E6F249 /* PBXTargetDependency */ = {
			isa = PBXTargetDependency;
			target = 3C74825E1C8ED7AE00E6F249 /* backTest */;
			targetProxy = 3C7482791C8ED7AE00E6F249 /* PBXContainerItemProxy */;
		};
		3C7482851C8ED7AE00E6F249 /* PBXTargetDependency */ = {
			isa = PBXTargetDependency;
			target = 3C74825E1C8ED7AE00E6F249 /* backTest */;
			targetProxy = 3C7482841C8ED7AE00E6F249 /* PBXContainerItemProxy */;
		};
/* End PBXTargetDependency section */

/* Begin PBXVariantGroup section */
		3C74826B1C8ED7AE00E6F249 /* Main.storyboard */ = {
			isa = PBXVariantGroup;
			children = (
				3C74826C1C8ED7AE00E6F249 /* Base */,
			);
			name = Main.storyboard;
			sourceTree = "<group>";
		};
		3C7482701C8ED7AE00E6F249 /* LaunchScreen.storyboard */ = {
			isa = PBXVariantGroup;
			children = (
				3C7482711C8ED7AE00E6F249 /* Base */,
			);
			name = LaunchScreen.storyboard;
			sourceTree = "<group>";
		};
/* End PBXVariantGroup section */

/* Begin XCBuildConfiguration section */
		3C74828A1C8ED7AE00E6F249 /* Debug */ = {
			isa = XCBuildConfiguration;
			buildSettings = {
				ALWAYS_SEARCH_USER_PATHS = NO;
				CLANG_CXX_LANGUAGE_STANDARD = "gnu++0x";
				CLANG_CXX_LIBRARY = "libc++";
				CLANG_ENABLE_MODULES = YES;
				CLANG_ENABLE_OBJC_ARC = YES;
				CLANG_WARN_BOOL_CONVERSION = YES;
				CLANG_WARN_CONSTANT_CONVERSION = YES;
				CLANG_WARN_DIRECT_OBJC_ISA_USAGE = YES_ERROR;
				CLANG_WARN_EMPTY_BODY = YES;
				CLANG_WARN_ENUM_CONVERSION = YES;
				CLANG_WARN_INT_CONVERSION = YES;
				CLANG_WARN_OBJC_ROOT_CLASS = YES_ERROR;
				CLANG_WARN_UNREACHABLE_CODE = YES;
				CLANG_WARN__DUPLICATE_METHOD_MATCH = YES;
				"CODE_SIGN_IDENTITY[sdk=iphoneos*]" = "iPhone Developer";
				COPY_PHASE_STRIP = NO;
				DEBUG_INFORMATION_FORMAT = dwarf;
				ENABLE_STRICT_OBJC_MSGSEND = YES;
				ENABLE_TESTABILITY = YES;
				GCC_C_LANGUAGE_STANDARD = gnu99;
				GCC_DYNAMIC_NO_PIC = NO;
				GCC_NO_COMMON_BLOCKS = YES;
				GCC_OPTIMIZATION_LEVEL = 0;
				GCC_PREPROCESSOR_DEFINITIONS = (
					"DEBUG=1",
					"$(inherited)",
				);
				GCC_WARN_64_TO_32_BIT_CONVERSION = YES;
				GCC_WARN_ABOUT_RETURN_TYPE = YES_ERROR;
				GCC_WARN_UNDECLARED_SELECTOR = YES;
				GCC_WARN_UNINITIALIZED_AUTOS = YES_AGGRESSIVE;
				GCC_WARN_UNUSED_FUNCTION = YES;
				GCC_WARN_UNUSED_VARIABLE = YES;
				IPHONEOS_DEPLOYMENT_TARGET = 9.2;
				MTL_ENABLE_DEBUG_INFO = YES;
				ONLY_ACTIVE_ARCH = YES;
				SDKROOT = iphoneos;
			};
			name = Debug;
		};
		3C74828B1C8ED7AE00E6F249 /* Release */ = {
			isa = XCBuildConfiguration;
			buildSettings = {
				ALWAYS_SEARCH_USER_PATHS = NO;
				CLANG_CXX_LANGUAGE_STANDARD = "gnu++0x";
				CLANG_CXX_LIBRARY = "libc++";
				CLANG_ENABLE_MODULES = YES;
				CLANG_ENABLE_OBJC_ARC = YES;
				CLANG_WARN_BOOL_CONVERSION = YES;
				CLANG_WARN_CONSTANT_CONVERSION = YES;
				CLANG_WARN_DIRECT_OBJC_ISA_USAGE = YES_ERROR;
				CLANG_WARN_EMPTY_BODY = YES;
				CLANG_WARN_ENUM_CONVERSION = YES;
				CLANG_WARN_INT_CONVERSION = YES;
				CLANG_WARN_OBJC_ROOT_CLASS = YES_ERROR;
				CLANG_WARN_UNREACHABLE_CODE = YES;
				CLANG_WARN__DUPLICATE_METHOD_MATCH = YES;
				"CODE_SIGN_IDENTITY[sdk=iphoneos*]" = "iPhone Developer";
				COPY_PHASE_STRIP = NO;
				DEBUG_INFORMATION_FORMAT = "dwarf-with-dsym";
				ENABLE_NS_ASSERTIONS = NO;
				ENABLE_STRICT_OBJC_MSGSEND = YES;
				GCC_C_LANGUAGE_STANDARD = gnu99;
				GCC_NO_COMMON_BLOCKS = YES;
				GCC_WARN_64_TO_32_BIT_CONVERSION = YES;
				GCC_WARN_ABOUT_RETURN_TYPE = YES_ERROR;
				GCC_WARN_UNDECLARED_SELECTOR = YES;
				GCC_WARN_UNINITIALIZED_AUTOS = YES_AGGRESSIVE;
				GCC_WARN_UNUSED_FUNCTION = YES;
				GCC_WARN_UNUSED_VARIABLE = YES;
				IPHONEOS_DEPLOYMENT_TARGET = 9.2;
				MTL_ENABLE_DEBUG_INFO = NO;
				SDKROOT = iphoneos;
				VALIDATE_PRODUCT = YES;
			};
			name = Release;
		};
		3C74828D1C8ED7AE00E6F249 /* Debug */ = {
			isa = XCBuildConfiguration;
			buildSettings = {
				ASSETCATALOG_COMPILER_APPICON_NAME = AppIcon;
				INFOPLIST_FILE = backTest/Info.plist;
				LD_RUNPATH_SEARCH_PATHS = "$(inherited) @executable_path/Frameworks";
				PRODUCT_BUNDLE_IDENTIFIER = jxx.backTest;
				PRODUCT_NAME = "$(TARGET_NAME)";
			};
			name = Debug;
		};
		3C74828E1C8ED7AE00E6F249 /* Release */ = {
			isa = XCBuildConfiguration;
			buildSettings = {
				ASSETCATALOG_COMPILER_APPICON_NAME = AppIcon;
				INFOPLIST_FILE = backTest/Info.plist;
				LD_RUNPATH_SEARCH_PATHS = "$(inherited) @executable_path/Frameworks";
				PRODUCT_BUNDLE_IDENTIFIER = jxx.backTest;
				PRODUCT_NAME = "$(TARGET_NAME)";
			};
			name = Release;
		};
		3C7482901C8ED7AE00E6F249 /* Debug */ = {
			isa = XCBuildConfiguration;
			buildSettings = {
				BUNDLE_LOADER = "$(TEST_HOST)";
				INFOPLIST_FILE = backTestTests/Info.plist;
				LD_RUNPATH_SEARCH_PATHS = "$(inherited) @executable_path/Frameworks @loader_path/Frameworks";
				PRODUCT_BUNDLE_IDENTIFIER = jxx.backTestTests;
				PRODUCT_NAME = "$(TARGET_NAME)";
				TEST_HOST = "$(BUILT_PRODUCTS_DIR)/backTest.app/backTest";
			};
			name = Debug;
		};
		3C7482911C8ED7AE00E6F249 /* Release */ = {
			isa = XCBuildConfiguration;
			buildSettings = {
				BUNDLE_LOADER = "$(TEST_HOST)";
				INFOPLIST_FILE = backTestTests/Info.plist;
				LD_RUNPATH_SEARCH_PATHS = "$(inherited) @executable_path/Frameworks @loader_path/Frameworks";
				PRODUCT_BUNDLE_IDENTIFIER = jxx.backTestTests;
				PRODUCT_NAME = "$(TARGET_NAME)";
				TEST_HOST = "$(BUILT_PRODUCTS_DIR)/backTest.app/backTest";
			};
			name = Release;
		};
		3C7482931C8ED7AE00E6F249 /* Debug */ = {
			isa = XCBuildConfiguration;
			buildSettings = {
				INFOPLIST_FILE = backTestUITests/Info.plist;
				LD_RUNPATH_SEARCH_PATHS = "$(inherited) @executable_path/Frameworks @loader_path/Frameworks";
				PRODUCT_BUNDLE_IDENTIFIER = jxx.backTestUITests;
				PRODUCT_NAME = "$(TARGET_NAME)";
				TEST_TARGET_NAME = backTest;
				USES_XCTRUNNER = YES;
			};
			name = Debug;
		};
		3C7482941C8ED7AE00E6F249 /* Release */ = {
			isa = XCBuildConfiguration;
			buildSettings = {
				INFOPLIST_FILE = backTestUITests/Info.plist;
				LD_RUNPATH_SEARCH_PATHS = "$(inherited) @executable_path/Frameworks @loader_path/Frameworks";
				PRODUCT_BUNDLE_IDENTIFIER = jxx.backTestUITests;
				PRODUCT_NAME = "$(TARGET_NAME)";
				TEST_TARGET_NAME = backTest;
				USES_XCTRUNNER = YES;
			};
			name = Release;
		};
/* End XCBuildConfiguration section */

/* Begin XCConfigurationList section */
		3C74825A1C8ED7AE00E6F249 /* Build configuration list for PBXProject "backTest" */ = {
			isa = XCConfigurationList;
			buildConfigurations = (
				3C74828A1C8ED7AE00E6F249 /* Debug */,
				3C74828B1C8ED7AE00E6F249 /* Release */,
			);
			defaultConfigurationIsVisible = 0;
			defaultConfigurationName = Release;
		};
		3C74828C1C8ED7AE00E6F249 /* Build configuration list for PBXNativeTarget "backTest" */ = {
			isa = XCConfigurationList;
			buildConfigurations = (
				3C74828D1C8ED7AE00E6F249 /* Debug */,
				3C74828E1C8ED7AE00E6F249 /* Release */,
			);
			defaultConfigurationIsVisible = 0;
		};
		3C74828F1C8ED7AE00E6F249 /* Build configuration list for PBXNativeTarget "backTestTests" */ = {
			isa = XCConfigurationList;
			buildConfigurations = (
				3C7482901C8ED7AE00E6F249 /* Debug */,
				3C7482911C8ED7AE00E6F249 /* Release */,
			);
			defaultConfigurationIsVisible = 0;
		};
		3C7482921C8ED7AE00E6F249 /* Build configuration list for PBXNativeTarget "backTestUITests" */ = {
			isa = XCConfigurationList;
			buildConfigurations = (
				3C7482931C8ED7AE00E6F249 /* Debug */,
				3C7482941C8ED7AE00E6F249 /* Release */,
			);
			defaultConfigurationIsVisible = 0;
		};
/* End XCConfigurationList section */
	};
	rootObject = 3C7482571C8ED7AE00E6F249 /* Project object */;
}
